PODS:
  - composeApp (1.0):
    - GoogleMaps (= 10.0.0)
  - GoogleMaps (10.0.0):
    - GoogleMaps/Maps (= 10.0.0)
  - GoogleMaps/Maps (10.0.0)

DEPENDENCIES:
  - composeApp (from `../composeApp`)

SPEC REPOS:
  trunk:
    - GoogleMaps

EXTERNAL SOURCES:
  composeApp:
    :path: "../composeApp"

SPEC CHECKSUMS:
  composeApp: a63ee583f1dd6314d85a34b6062ff93108c8dcdc
  GoogleMaps: 9ce9c898074e96655acaf1ba5d6f85991ecee7a3

PODFILE CHECKSUM: 501c9565884acd2f13287e4df5f64b146b918298

COCOAPODS: 1.16.2
